version = 1
revision = 3
requires-python = ">=3.10"

[[package]]
name = "arpeggia"
version = "0.9.0"
source = { editable = "." }
dependencies = [
    { name = "polars" },
]

[package.optional-dependencies]
dev = [
    { name = "maturin" },
    { name = "pytest" },
    { name = "ty" },
]

[package.metadata]
requires-dist = [
    { name = "maturin", marker = "extra == 'dev'", specifier = ">=1.14" },
    { name = "polars", specifier = "==1.38.1" },
    { name = "pytest", marker = "extra == 'dev'", specifier = ">=7.0" },
    { name = "ty", marker = "extra == 'dev'", specifier = "==0.0.70" },
]
provides-extras = ["dev"]

[[package]]
name = "colorama"
version = "0.4.6"
source = { registry = "https://mirrors.tuna.tsinghua.edu.cn/pypi/web/simple" }
sdist = { url = "https://mirrors.tuna.tsinghua.edu.cn/pypi/web/packages/d8/53/6f443c9a4a8358a93a6792e2acffb9d9d5cb0a5cfd8802644b7b1c9a02e4/colorama-0.4.6.tar.gz", hash = "sha256:08695f5cb7ed6e0531a20572697297273c47b8cae5a63ffc6d6ed5c201be6e44", size = 27697, upload-time = "2022-10-25T02:36:22.414Z" }
wheels = [
    { url = "https://mirrors.tuna.tsinghua.edu.cn/pypi/web/packages/d1/d6/3965ed04c63042e047cb6a3e6ed1a63a35087b6a609aa3a15ed8ac56c221/colorama-0.4.6-py2.py3-none-any.whl", hash = "sha256:4f1d9991f5acc0ca119f9d443620b77f9d6b33703e51011c16baf57afb285fc6", size = 25335, upload-time = "2022-10-25T02:36:20.889Z" },
]

[[package]]
name = "exceptiongroup"
version = "1.3.1"
source = { registry = "https://mirrors.tuna.tsinghua.edu.cn/pypi/web/simple" }
dependencies = [
    { name = "typing-extensions" },
]
sdist = { url = "https://mirrors.tuna.tsinghua.edu.cn/pypi/web/packages/50/79/66800aadf48771f6b62f7eb014e352e5d06856655206165d775e675a02c9/exceptiongroup-1.3.1.tar.gz", hash = "sha256:8b412432c6055b0b7d14c310000ae93352ed6754f70fa8f7c34141f91c4e3219", size = 30371, upload-time = "2025-11-21T23:01:54.787Z" }
wheels = [
    { url = "https://mirrors.tuna.tsinghua.edu.cn/pypi/web/packages/8a/0e/97c33bf5009bdbac74fd2beace167cab3f978feb69cc36f1ef79360d6c4e/exceptiongroup-1.3.1-py3-none-any.whl", hash = "sha256:a7a39a3bd276781e98394987d3a5701d0c4edffb633bb7a5144577f82c773598", size = 16740, upload-time = "2025-11-21T23:01:53.443Z" },
]

[[package]]
name = "iniconfig"
version = "2.3.0"
source = { registry = "https://mirrors.tuna.tsinghua.edu.cn/pypi/web/simple" }
sdist = { url = "https://mirrors.tuna.tsinghua.edu.cn/pypi/web/packages/72/34/14ca021ce8e5dfedc35312d08ba8bf51fdd999c576889fc2c24cb97f4f10/iniconfig-2.3.0.tar.gz", hash = "sha256:c76315c77db068650d49c5b56314774a7804df16fee4402c1f19d6d15d8c4730", size = 20503, upload-time = "2025-10-18T21:55:43.219Z" }
wheels = [
    { url = "https://mirrors.tuna.tsinghua.edu.cn/pypi/web/packages/cb/b1/3846dd7f199d53cb17f49cba7e651e9ce294d8497c8c150530ed11865bb8/iniconfig-2.3.0-py3-none-any.whl", hash = "sha256:f631c04d2c48c52b84d0d0549c99ff3859c98df65b3101406327ecc7d53fbf12", size = 7484, upload-time = "2025-10-18T21:55:41.639Z" },
]

[[package]]
name = "maturin"
version = "1.14.1"
source = { registry = "https://mirrors.tuna.tsinghua.edu.cn/pypi/web/simple" }
dependencies = [
    { name = "tomli", marker = "python_full_version < '3.11'" },
]
sdist = { url = "https://mirrors.tuna.tsinghua.edu.cn/pypi/web/packages/e7/b3/addd877f871fb1860d46d3a4f206ecb10b946c85846805e6367631926fd3/maturin-1.14.1.tar.gz", hash = "sha256:9d6577a62cd08e0ceba7a0db06fb098e0c9b1b3429bad747a4f3a18215a1b3df", size = 369637, upload-time = "2026-06-19T05:19:49.774Z" }
wheels = [
    { url = "https://mirrors.tuna.tsinghua.edu.cn/pypi/web/packages/f4/f0/97c5a5bd9c71653a066c0976a484eaaae50b9369557838a4176b7b0bdaa5/maturin-1.14.1-py3-none-linux_armv6l.whl", hash = "sha256:522292398945442cdafa9daeb2271b2340fbde57027b818f923f88eab04174f8", size = 10207496, upload-time = "2026-06-19T05:19:09.321Z" },
    { url = "https://mirrors.tuna.tsinghua.edu.cn/pypi/web/packages/fe/83/294bca639b0e052f1e2f65199b3db258780c7d4e31408b934c9c974a1379/maturin-1.14.1-py3-none-macosx_10_12_x86_64.macosx_11_0_arm64.macosx_10_12_universal2.whl", hash = "sha256:ffe5ad71f21d1e6603c4dd75f7fee34adf5ed5ebcebb692886549888ebb329ed", size = 19680113, upload-time = "2026-06-19T05:19:13.43Z" },
    { url = "https://mirrors.tuna.tsinghua.edu.cn/pypi/web/packages/43/b6/79c881410a3b1c187f7eb3d407aecae646c6a4433d630d72200359015e83/maturin-1.14.1-py3-none-macosx_10_12_x86_64.whl", hash = "sha256:f3306078070c1508fd715b9116070cbcaff5959024272a9f1e6f5cb29768b86c", size = 10169205, upload-time = "2026-06-19T05:19:16.615Z" },
    { url = "https://mirrors.tuna.tsinghua.edu.cn/pypi/web/packages/93/9d/44b6f26dcb7f7a04c5501ac2dbb6ca1490150682baa525ca5860504f9eab/maturin-1.14.1-py3-none-manylinux_2_12_i686.manylinux2010_i686.musllinux_1_1_i686.whl", hash = "sha256:cd457cd88961156e26379e1155bd287cc0ec1c8b2f1582b0660fb31b87c8842d", size = 10188098, upload-time = "2026-06-19T05:19:19.736Z" },
    { url = "https://mirrors.tuna.tsinghua.edu.cn/pypi/web/packages/1a/bd/9c0d5d6983905ce2c9edaa073a7e89355a9cf7f396988e05d32f1c37785d/maturin-1.14.1-py3-none-manylinux_2_12_x86_64.manylinux2010_x86_64.musllinux_1_1_x86_64.whl", hash = "sha256:dfc54ae32e6fcb18302193ab9a30b0b25eefffba994ae13238974805533ef75e", size = 10627576, upload-time = "2026-06-19T05:19:22.713Z" },
    { url = "https://mirrors.tuna.tsinghua.edu.cn/pypi/web/packages/e5/33/b096412bd6a7cb399652b260666f901adf88a687181a6dbd6a3f89f0a94e/maturin-1.14.1-py3-none-manylinux_2_17_aarch64.manylinux2014_aarch64.musllinux_1_1_aarch64.whl", hash = "sha256:a131d912b5267e640bc96d70f4914e10590aed64082ec9abacba7cea52004224", size = 10085181, upload-time = "2026-06-19T05:19:25.69Z" },
    { url = "https://mirrors.tuna.tsinghua.edu.cn/pypi/web/packages/56/8d/08c3bf469c38a23c9e6c877e338193001eb604d010fedc08341974e38528/maturin-1.14.1-py3-none-manylinux_2_17_armv7l.manylinux2014_armv7l.musllinux_1_1_armv7l.whl", hash = "sha256:be18fc568fb76884c0205456336892a75105ec398e6b667cd777c6268bd06d69", size = 10026363, upload-time = "2026-06-19T05:19:28.904Z" },
    { url = "https://mirrors.tuna.tsinghua.edu.cn/pypi/web/packages/3a/a4/c4d1a92839f8745ab4aab988a7db884a79d6d710bd3b286fcf9316dece1a/maturin-1.14.1-py3-none-manylinux_2_17_ppc64le.manylinux2014_ppc64le.musllinux_1_1_ppc64le.whl", hash = "sha256:994a0c8ba3ad8a92b3a9ee1b02645d200d610216b15cff5102b0fe65e8e08666", size = 13321347, upload-time = "2026-06-19T05:19:32.411Z" },
    { url = "https://mirrors.tuna.tsinghua.edu.cn/pypi/web/packages/b3/fa/170f04624d03fd07d2a8b1b67de83a127af93aef9eaa425839553347297b/maturin-1.14.1-py3-none-manylinux_2_17_s390x.manylinux2014_s390x.whl", hash = "sha256:be80866363e605d137991b491a741a84cde9ae350183c4c85f49690ca9aaaa65", size = 10877609, upload-time = "2026-06-19T05:19:35.448Z" },
    { url = "https://mirrors.tuna.tsinghua.edu.cn/pypi/web/packages/61/ad/1ae2e1d0ded282bf2c55ac13f0811d87deb425e200ae64a15785675dede9/maturin-1.14.1-py3-none-manylinux_2_31_riscv64.musllinux_1_1_riscv64.whl", hash = "sha256:5282dffd4b539d2be245f4e5b1a5ab6bc1033b58f4a4872f5833f9d43c954aa4", size = 10417316, upload-time = "2026-06-19T05:19:38.28Z" },
    { url = "https://mirrors.tuna.tsinghua.edu.cn/pypi/web/packages/fb/27/bf677183920718da49cd7982d6a3ffc440aad8919329f571d189f81b7bdf/maturin-1.14.1-py3-none-win32.whl", hash = "sha256:1a04de0a20188f95c721b5702eed18140bdcccb28c386797093eca3f62f4d4e0", size = 8931293, upload-time = "2026-06-19T05:19:41.183Z" },
    { url = "https://mirrors.tuna.tsinghua.edu.cn/pypi/web/packages/63/4b/585adeb9167b08d3cdff0032a938b0e72655c92003df4f52c3f696a1bcc2/maturin-1.14.1-py3-none-win_amd64.whl", hash = "sha256:3c9f94640ecc4895e94abaf834a0684430032c865b2748a36c12461fd9252fdd", size = 10314067, upload-time = "2026-06-19T05:19:44.389Z" },
    { url = "https://mirrors.tuna.tsinghua.edu.cn/pypi/web/packages/51/d4/dac8c0720ae246be1700afb6fbdbbea20fe35b13f6570b2f70faa005df77/maturin-1.14.1-py3-none-win_arm64.whl", hash = "sha256:15cea8fcb3ba47dd636f50092bb34baea8b04ac777392f23e6bf8a9a61efb894", size = 9718943, upload-time = "2026-06-19T05:19:47.49Z" },
]

[[package]]
name = "packaging"
version = "26.0"
source = { registry = "https://mirrors.tuna.tsinghua.edu.cn/pypi/web/simple" }
sdist = { url = "https://mirrors.tuna.tsinghua.edu.cn/pypi/web/packages/65/ee/299d360cdc32edc7d2cf530f3accf79c4fca01e96ffc950d8a52213bd8e4/packaging-26.0.tar.gz", hash = "sha256:00243ae351a257117b6a241061796684b084ed1c516a08c48a3f7e147a9d80b4", size = 143416, upload-time = "2026-01-21T20:50:39.064Z" }
wheels = [
    { url = "https://mirrors.tuna.tsinghua.edu.cn/pypi/web/packages/b7/b9/c538f279a4e237a006a2c98387d081e9eb060d203d8ed34467cc0f0b9b53/packaging-26.0-py3-none-any.whl", hash = "sha256:b36f1fef9334a5588b4166f8bcd26a14e521f2b55e6b9de3aaa80d3ff7a37529", size = 74366, upload-time = "2026-01-21T20:50:37.788Z" },
]

[[package]]
name = "pluggy"
version = "1.6.0"
source = { registry = "https://mirrors.tuna.tsinghua.edu.cn/pypi/web/simple" }
sdist = { url = "https://mirrors.tuna.tsinghua.edu.cn/pypi/web/packages/f9/e2/3e91f31a7d2b083fe6ef3fa267035b518369d9511ffab804f839851d2779/pluggy-1.6.0.tar.gz", hash = "sha256:7dcc130b76258d33b90f61b658791dede3486c3e6bfb003ee5c9bfb396dd22f3", size = 69412, upload-time = "2025-05-15T12:30:07.975Z" }
wheels = [
    { url = "https://mirrors.tuna.tsinghua.edu.cn/pypi/web/packages/54/20/4d324d65cc6d9205fabedc306948156824eb9f0ee1633355a8f7ec5c66bf/pluggy-1.6.0-py3-none-any.whl", hash = "sha256:e920276dd6813095e9377c0bc5566d94c932c33b27a3e3945d8389c374dd4746", size = 20538, upload-time = "2025-05-15T12:30:06.134Z" },
]

[[package]]
name = "polars"
version = "1.38.1"
source = { registry = "https://mirrors.tuna.tsinghua.edu.cn/pypi/web/simple" }
dependencies = [
    { name = "polars-runtime-32" },
]
sdist = { url = "https://mirrors.tuna.tsinghua.edu.cn/pypi/web/packages/c6/5e/208a24471a433bcd0e9a6889ac49025fd4daad2815c8220c5bd2576e5f1b/polars-1.38.1.tar.gz", hash = "sha256:803a2be5344ef880ad625addfb8f641995cfd777413b08a10de0897345778239", size = 717667, upload-time = "2026-02-06T18:13:23.013Z" }
wheels = [
    { url = "https://mirrors.tuna.tsinghua.edu.cn/pypi/web/packages/0a/49/737c1a6273c585719858261753da0b688454d1b634438ccba8a9c4eb5aab/polars-1.38.1-py3-none-any.whl", hash = "sha256:a29479c48fed4984d88b656486d221f638cba45d3e961631a50ee5fdde38cb2c", size = 810368, upload-time = "2026-02-06T18:11:55.819Z" },
]

[[package]]
name = "polars-runtime-32"
version = "1.38.1"
source = { registry = "https://mirrors.tuna.tsinghua.edu.cn/pypi/web/simple" }
sdist = { url = "https://mirrors.tuna.tsinghua.edu.cn/pypi/web/packages/07/4b/04d6b3fb7cf336fbe12fbc4b43f36d1783e11bb0f2b1e3980ec44878df06/polars_runtime_32-1.38.1.tar.gz", hash = "sha256:04f20ed1f5c58771f34296a27029dc755a9e4b1390caeaef8f317e06fdfce2ec", size = 2812631, upload-time = "2026-02-06T18:13:25.206Z" }
wheels = [
    { url = "https://mirrors.tuna.tsinghua.edu.cn/pypi/web/packages/ae/a2/a00defbddadd8cf1042f52380dcba6b6592b03bac8e3b34c436b62d12d3b/polars_runtime_32-1.38.1-cp310-abi3-macosx_10_12_x86_64.whl", hash = "sha256:18154e96044724a0ac38ce155cf63aa03c02dd70500efbbf1a61b08cadd269ef", size = 44108001, upload-time = "2026-02-06T18:11:58.127Z" },
    { url = "https://mirrors.tuna.tsinghua.edu.cn/pypi/web/packages/a7/fb/599ff3709e6a303024efd7edfd08cf8de55c6ac39527d8f41cbc4399385f/polars_runtime_32-1.38.1-cp310-abi3-macosx_11_0_arm64.whl", hash = "sha256:c49acac34cc4049ed188f1eb67d6ff3971a39b4af7f7b734b367119970f313ac", size = 40230140, upload-time = "2026-02-06T18:12:01.181Z" },
    { url = "https://mirrors.tuna.tsinghua.edu.cn/pypi/web/packages/dc/8c/3ac18d6f89dc05fe2c7c0ee1dc5b81f77a5c85ad59898232c2500fe2ebbf/polars_runtime_32-1.38.1-cp310-abi3-manylinux_2_17_aarch64.manylinux2014_aarch64.whl", hash = "sha256:fef2ef2626a954e010e006cc8e4de467ecf32d08008f130cea1c78911f545323", size = 41994039, upload-time = "2026-02-06T18:12:04.332Z" },
    { url = "https://mirrors.tuna.tsinghua.edu.cn/pypi/web/packages/f2/5a/61d60ec5cc0ab37cbd5a699edb2f9af2875b7fdfdfb2a4608ca3cc5f0448/polars_runtime_32-1.38.1-cp310-abi3-manylinux_2_17_x86_64.manylinux2014_x86_64.whl", hash = "sha256:e8a5f7a8125e2d50e2e060296551c929aec09be23a9edcb2b12ca923f555a5ba", size = 45755804, upload-time = "2026-02-06T18:12:07.846Z" },
    { url = "https://mirrors.tuna.tsinghua.edu.cn/pypi/web/packages/91/54/02cd4074c98c361ccd3fec3bcb0bd68dbc639c0550c42a4436b0ff0f3ccf/polars_runtime_32-1.38.1-cp310-abi3-musllinux_1_2_aarch64.whl", hash = "sha256:10d19cd9863e129273b18b7fcaab625b5c8143c2d22b3e549067b78efa32e4fa", size = 42159605, upload-time = "2026-02-06T18:12:10.919Z" },
    { url = "https://mirrors.tuna.tsinghua.edu.cn/pypi/web/packages/8e/f3/b2a5e720cc56eaa38b4518e63aa577b4bbd60e8b05a00fe43ca051be5879/polars_runtime_32-1.38.1-cp310-abi3-musllinux_1_2_x86_64.whl", hash = "sha256:61e8d73c614b46a00d2f853625a7569a2e4a0999333e876354ac81d1bf1bb5e2", size = 45336615, upload-time = "2026-02-06T18:12:14.074Z" },
    { url = "https://mirrors.tuna.tsinghua.edu.cn/pypi/web/packages/f1/8d/ee2e4b7de948090cfb3df37d401c521233daf97bfc54ddec5d61d1d31618/polars_runtime_32-1.38.1-cp310-abi3-win_amd64.whl", hash = "sha256:08c2b3b93509c1141ac97891294ff5c5b0c548a373f583eaaea873a4bf506437", size = 45680732, upload-time = "2026-02-06T18:12:19.097Z" },
    { url = "https://mirrors.tuna.tsinghua.edu.cn/pypi/web/packages/bf/18/72c216f4ab0c82b907009668f79183ae029116ff0dd245d56ef58aac48e7/polars_runtime_32-1.38.1-cp310-abi3-win_arm64.whl", hash = "sha256:6d07d0cc832bfe4fb54b6e04218c2c27afcfa6b9498f9f6bbf262a00d58cc7c4", size = 41639413, upload-time = "2026-02-06T18:12:22.044Z" },
]

[[package]]
name = "pygments"
version = "2.19.2"
source = { registry = "https://mirrors.tuna.tsinghua.edu.cn/pypi/web/simple" }
sdist = { url = "https://mirrors.tuna.tsinghua.edu.cn/pypi/web/packages/b0/77/a5b8c569bf593b0140bde72ea885a803b82086995367bf2037de0159d924/pygments-2.19.2.tar.gz", hash = "sha256:636cb2477cec7f8952536970bc533bc43743542f70392ae026374600add5b887", size = 4968631, upload-time = "2025-06-21T13:39:12.283Z" }
wheels = [
    { url = "https://mirrors.tuna.tsinghua.edu.cn/pypi/web/packages/c7/21/705964c7812476f378728bdf590ca4b771ec72385c533964653c68e86bdc/pygments-2.19.2-py3-none-any.whl", hash = "sha256:86540386c03d588bb81d44bc3928634ff26449851e99741617ecb9037ee5ec0b", size = 1225217, upload-time = "2025-06-21T13:39:07.939Z" },
]

[[package]]
name = "pytest"
version = "9.0.2"
source = { registry = "https://mirrors.tuna.tsinghua.edu.cn/pypi/web/simple" }
dependencies = [
    { name = "colorama", marker = "sys_platform == 'win32'" },
    { name = "exceptiongroup", marker = "python_full_version < '3.11'" },
    { name = "iniconfig" },
    { name = "packaging" },
    { name = "pluggy" },
    { name = "pygments" },
    { name = "tomli", marker = "python_full_version < '3.11'" },
]
sdist = { url = "https://mirrors.tuna.tsinghua.edu.cn/pypi/web/packages/d1/db/7ef3487e0fb0049ddb5ce41d3a49c235bf9ad299b6a25d5780a89f19230f/pytest-9.0.2.tar.gz", hash = "sha256:75186651a92bd89611d1d9fc20f0b4345fd827c41ccd5c299a868a05d70edf11", size = 1568901, upload-time = "2025-12-06T21:30:51.014Z" }
wheels = [
    { url = "https://mirrors.tuna.tsinghua.edu.cn/pypi/web/packages/3b/ab/b3226f0bd7cdcf710fbede2b3548584366da3b19b5021e74f5bde2a8fa3f/pytest-9.0.2-py3-none-any.whl", hash = "sha256:711ffd45bf766d5264d487b917733b453d917afd2b0ad65223959f59089f875b", size = 374801, upload-time = "2025-12-06T21:30:49.154Z" },
]

[[package]]
name = "tomli"
version = "2.4.0"
source = { registry = "https://mirrors.tuna.tsinghua.edu.cn/pypi/web/simple" }
sdist = { url = "https://mirrors.tuna.tsinghua.edu.cn/pypi/web/packages/82/30/31573e9457673ab10aa432461bee537ce6cef177667deca369efb79df071/tomli-2.4.0.tar.gz", hash = "sha256:aa89c3f6c277dd275d8e243ad24f3b5e701491a860d5121f2cdd399fbb31fc9c", size = 17477, upload-time = "2026-01-11T11:22:38.165Z" }
wheels = [
    { url = "https://mirrors.tuna.tsinghua.edu.cn/pypi/web/packages/3c/d9/3dc2289e1f3b32eb19b9785b6a006b28ee99acb37d1d47f78d4c10e28bf8/tomli-2.4.0-cp311-cp311-macosx_10_9_x86_64.whl", hash = "sha256:b5ef256a3fd497d4973c11bf142e9ed78b150d36f5773f1ca6088c230ffc5867", size = 153663, upload-time = "2026-01-11T11:21:45.27Z" },
    { url = "https://mirrors.tuna.tsinghua.edu.cn/pypi/web/packages/51/32/ef9f6845e6b9ca392cd3f64f9ec185cc6f09f0a2df3db08cbe8809d1d435/tomli-2.4.0-cp311-cp311-macosx_11_0_arm64.whl", hash = "sha256:5572e41282d5268eb09a697c89a7bee84fae66511f87533a6f88bd2f7b652da9", size = 148469, upload-time = "2026-01-11T11:21:46.873Z" },
    { url = "https://mirrors.tuna.tsinghua.edu.cn/pypi/web/packages/d6/c2/506e44cce89a8b1b1e047d64bd495c22c9f71f21e05f380f1a950dd9c217/tomli-2.4.0-cp311-cp311-manylinux2014_aarch64.manylinux_2_17_aarch64.manylinux_2_28_aarch64.whl", hash = "sha256:551e321c6ba03b55676970b47cb1b73f14a0a4dce6a3e1a9458fd6d921d72e95", size = 236039, upload-time = "2026-01-11T11:21:48.503Z" },
    { url = "https://mirrors.tuna.tsinghua.edu.cn/pypi/web/packages/b3/40/e1b65986dbc861b7e986e8ec394598187fa8aee85b1650b01dd925ca0be8/tomli-2.4.0-cp311-cp311-manylinux2014_x86_64.manylinux_2_17_x86_64.manylinux_2_28_x86_64.whl", hash = "sha256:5e3f639a7a8f10069d0e15408c0b96a2a828cfdec6fca05296ebcdcc28ca7c76", size = 243007, upload-time = "2026-01-11T11:21:49.456Z" },
    { url = "https://mirrors.tuna.tsinghua.edu.cn/pypi/web/packages/9c/6f/6e39ce66b58a5b7ae572a0f4352ff40c71e8573633deda43f6a379d56b3e/tomli-2.4.0-cp311-cp311-musllinux_1_2_aarch64.whl", hash = "sha256:1b168f2731796b045128c45982d3a4874057626da0e2ef1fdd722848b741361d", size = 240875, upload-time = "2026-01-11T11:21:50.755Z" },
    { url = "https://mirrors.tuna.tsinghua.edu.cn/pypi/web/packages/aa/ad/cb089cb190487caa80204d503c7fd0f4d443f90b95cf4ef5cf5aa0f439b0/tomli-2.4.0-cp311-cp311-musllinux_1_2_x86_64.whl", hash = "sha256:133e93646ec4300d651839d382d63edff11d8978be23da4cc106f5a18b7d0576", size = 246271, upload-time = "2026-01-11T11:21:51.81Z" },
    { url = "https://mirrors.tuna.tsinghua.edu.cn/pypi/web/packages/0b/63/69125220e47fd7a3a27fd0de0c6398c89432fec41bc739823bcc66506af6/tomli-2.4.0-cp311-cp311-win32.whl", hash = "sha256:b6c78bdf37764092d369722d9946cb65b8767bfa4110f902a1b2542d8d173c8a", size = 96770, upload-time = "2026-01-11T11:21:52.647Z" },
    { url = "https://mirrors.tuna.tsinghua.edu.cn/pypi/web/packages/1e/0d/a22bb6c83f83386b0008425a6cd1fa1c14b5f3dd4bad05e98cf3dbbf4a64/tomli-2.4.0-cp311-cp311-win_amd64.whl", hash = "sha256:d3d1654e11d724760cdb37a3d7691f0be9db5fbdaef59c9f532aabf87006dbaa", size = 107626, upload-time = "2026-01-11T11:21:53.459Z" },
    { url = "https://mirrors.tuna.tsinghua.edu.cn/pypi/web/packages/2f/6d/77be674a3485e75cacbf2ddba2b146911477bd887dda9d8c9dfb2f15e871/tomli-2.4.0-cp311-cp311-win_arm64.whl", hash = "sha256:cae9c19ed12d4e8f3ebf46d1a75090e4c0dc16271c5bce1c833ac168f08fb614", size = 94842, upload-time = "2026-01-11T11:21:54.831Z" },
    { url = "https://mirrors.tuna.tsinghua.edu.cn/pypi/web/packages/3c/43/7389a1869f2f26dba52404e1ef13b4784b6b37dac93bac53457e3ff24ca3/tomli-2.4.0-cp312-cp312-macosx_10_13_x86_64.whl", hash = "sha256:920b1de295e72887bafa3ad9f7a792f811847d57ea6b1215154030cf131f16b1", size = 154894, upload-time = "2026-01-11T11:21:56.07Z" },
    { url = "https://mirrors.tuna.tsinghua.edu.cn/pypi/web/packages/e9/05/2f9bf110b5294132b2edf13fe6ca6ae456204f3d749f623307cbb7a946f2/tomli-2.4.0-cp312-cp312-macosx_11_0_arm64.whl", hash = "sha256:7d6d9a4aee98fac3eab4952ad1d73aee87359452d1c086b5ceb43ed02ddb16b8", size = 149053, upload-time = "2026-01-11T11:21:57.467Z" },
    { url = "https://mirrors.tuna.tsinghua.edu.cn/pypi/web/packages/e8/41/1eda3ca1abc6f6154a8db4d714a4d35c4ad90adc0bcf700657291593fbf3/tomli-2.4.0-cp312-cp312-manylinux2014_aarch64.manylinux_2_17_aarch64.manylinux_2_28_aarch64.whl", hash = "sha256:36b9d05b51e65b254ea6c2585b59d2c4cb91c8a3d91d0ed0f17591a29aaea54a", size = 243481, upload-time = "2026-01-11T11:21:58.661Z" },
    { url = "https://mirrors.tuna.tsinghua.edu.cn/pypi/web/packages/d2/6d/02ff5ab6c8868b41e7d4b987ce2b5f6a51d3335a70aa144edd999e055a01/tomli-2.4.0-cp312-cp312-manylinux2014_x86_64.manylinux_2_17_x86_64.manylinux_2_28_x86_64.whl", hash = "sha256:1c8a885b370751837c029ef9bc014f27d80840e48bac415f3412e6593bbc18c1", size = 251720, upload-time = "2026-01-11T11:22:00.178Z" },
    { url = "https://mirrors.tuna.tsinghua.edu.cn/pypi/web/packages/7b/57/0405c59a909c45d5b6f146107c6d997825aa87568b042042f7a9c0afed34/tomli-2.4.0-cp312-cp312-musllinux_1_2_aarch64.whl", hash = "sha256:8768715ffc41f0008abe25d808c20c3d990f42b6e2e58305d5da280ae7d1fa3b", size = 247014, upload-time = "2026-01-11T11:22:01.238Z" },
    { url = "https://mirrors.tuna.tsinghua.edu.cn/pypi/web/packages/2c/0e/2e37568edd944b4165735687cbaf2fe3648129e440c26d02223672ee0630/tomli-2.4.0-cp312-cp312-musllinux_1_2_x86_64.whl", hash = "sha256:7b438885858efd5be02a9a133caf5812b8776ee0c969fea02c45e8e3f296ba51", size = 251820, upload-time = "2026-01-11T11:22:02.727Z" },
    { url = "https://mirrors.tuna.tsinghua.edu.cn/pypi/web/packages/5a/1c/ee3b707fdac82aeeb92d1a113f803cf6d0f37bdca0849cb489553e1f417a/tomli-2.4.0-cp312-cp312-win32.whl", hash = "sha256:0408e3de5ec77cc7f81960c362543cbbd91ef883e3138e81b729fc3eea5b9729", size = 97712, upload-time = "2026-01-11T11:22:03.777Z" },
    { url = "https://mirrors.tuna.tsinghua.edu.cn/pypi/web/packages/69/13/c07a9177d0b3bab7913299b9278845fc6eaaca14a02667c6be0b0a2270c8/tomli-2.4.0-cp312-cp312-win_amd64.whl", hash = "sha256:685306e2cc7da35be4ee914fd34ab801a6acacb061b6a7abca922aaf9ad368da", size = 108296, upload-time = "2026-01-11T11:22:04.86Z" },
    { url = "https://mirrors.tuna.tsinghua.edu.cn/pypi/web/packages/18/27/e267a60bbeeee343bcc279bb9e8fbed0cbe224bc7b2a3dc2975f22809a09/tomli-2.4.0-cp312-cp312-win_arm64.whl", hash = "sha256:5aa48d7c2356055feef06a43611fc401a07337d5b006be13a30f6c58f869e3c3", size = 94553, upload-time = "2026-01-11T11:22:05.854Z" },
    { url = "https://mirrors.tuna.tsinghua.edu.cn/pypi/web/packages/34/91/7f65f9809f2936e1f4ce6268ae1903074563603b2a2bd969ebbda802744f/tomli-2.4.0-cp313-cp313-macosx_10_13_x86_64.whl", hash = "sha256:84d081fbc252d1b6a982e1870660e7330fb8f90f676f6e78b052ad4e64714bf0", size = 154915, upload-time = "2026-01-11T11:22:06.703Z" },
    { url = "https://mirrors.tuna.tsinghua.edu.cn/pypi/web/packages/20/aa/64dd73a5a849c2e8f216b755599c511badde80e91e9bc2271baa7b2cdbb1/tomli-2.4.0-cp313-cp313-macosx_11_0_arm64.whl", hash = "sha256:9a08144fa4cba33db5255f9b74f0b89888622109bd2776148f2597447f92a94e", size = 149038, upload-time = "2026-01-11T11:22:07.56Z" },
    { url = "https://mirrors.tuna.tsinghua.edu.cn/pypi/web/packages/9e/8a/6d38870bd3d52c8d1505ce054469a73f73a0fe62c0eaf5dddf61447e32fa/tomli-2.4.0-cp313-cp313-manylinux2014_aarch64.manylinux_2_17_aarch64.manylinux_2_28_aarch64.whl", hash = "sha256:c73add4bb52a206fd0c0723432db123c0c75c280cbd67174dd9d2db228ebb1b4", size = 242245, upload-time = "2026-01-11T11:22:08.344Z" },
    { url = "https://mirrors.tuna.tsinghua.edu.cn/pypi/web/packages/59/bb/8002fadefb64ab2669e5b977df3f5e444febea60e717e755b38bb7c41029/tomli-2.4.0-cp313-cp313-manylinux2014_x86_64.manylinux_2_17_x86_64.manylinux_2_28_x86_64.whl", hash = "sha256:1fb2945cbe303b1419e2706e711b7113da57b7db31ee378d08712d678a34e51e", size = 250335, upload-time = "2026-01-11T11:22:09.951Z" },
    { url = "https://mirrors.tuna.tsinghua.edu.cn/pypi/web/packages/a5/3d/4cdb6f791682b2ea916af2de96121b3cb1284d7c203d97d92d6003e91c8d/tomli-2.4.0-cp313-cp313-musllinux_1_2_aarch64.whl", hash = "sha256:bbb1b10aa643d973366dc2cb1ad94f99c1726a02343d43cbc011edbfac579e7c", size = 245962, upload-time = "2026-01-11T11:22:11.27Z" },
    { url = "https://mirrors.tuna.tsinghua.edu.cn/pypi/web/packages/f2/4a/5f25789f9a460bd858ba9756ff52d0830d825b458e13f754952dd15fb7bb/tomli-2.4.0-cp313-cp313-musllinux_1_2_x86_64.whl", hash = "sha256:4cbcb367d44a1f0c2be408758b43e1ffb5308abe0ea222897d6bfc8e8281ef2f", size = 250396, upload-time = "2026-01-11T11:22:12.325Z" },
    { url = "https://mirrors.tuna.tsinghua.edu.cn/pypi/web/packages/aa/2f/b73a36fea58dfa08e8b3a268750e6853a6aac2a349241a905ebd86f3047a/tomli-2.4.0-cp313-cp313-win32.whl", hash = "sha256:7d49c66a7d5e56ac959cb6fc583aff0651094ec071ba9ad43df785abc2320d86", size = 97530, upload-time = "2026-01-11T11:22:13.865Z" },
    { url = "https://mirrors.tuna.tsinghua.edu.cn/pypi/web/packages/3b/af/ca18c134b5d75de7e8dc551c5234eaba2e8e951f6b30139599b53de9c187/tomli-2.4.0-cp313-cp313-win_amd64.whl", hash = "sha256:3cf226acb51d8f1c394c1b310e0e0e61fecdd7adcb78d01e294ac297dd2e7f87", size = 108227, upload-time = "2026-01-11T11:22:15.224Z" },
    { url = "https://mirrors.tuna.tsinghua.edu.cn/pypi/web/packages/22/c3/b386b832f209fee8073c8138ec50f27b4460db2fdae9ffe022df89a57f9b/tomli-2.4.0-cp313-cp313-win_arm64.whl", hash = "sha256:d20b797a5c1ad80c516e41bc1fb0443ddb5006e9aaa7bda2d71978346aeb9132", size = 94748, upload-time = "2026-01-11T11:22:16.009Z" },
    { url = "https://mirrors.tuna.tsinghua.edu.cn/pypi/web/packages/f3/c4/84047a97eb1004418bc10bdbcfebda209fca6338002eba2dc27cc6d13563/tomli-2.4.0-cp314-cp314-macosx_10_15_x86_64.whl", hash = "sha256:26ab906a1eb794cd4e103691daa23d95c6919cc2fa9160000ac02370cc9dd3f6", size = 154725, upload-time = "2026-01-11T11:22:17.269Z" },
    { url = "https://mirrors.tuna.tsinghua.edu.cn/pypi/web/packages/a8/5d/d39038e646060b9d76274078cddf146ced86dc2b9e8bbf737ad5983609a0/tomli-2.4.0-cp314-cp314-macosx_11_0_arm64.whl", hash = "sha256:20cedb4ee43278bc4f2fee6cb50daec836959aadaf948db5172e776dd3d993fc", size = 148901, upload-time = "2026-01-11T11:22:18.287Z" },
    { url = "https://mirrors.tuna.tsinghua.edu.cn/pypi/web/packages/73/e5/383be1724cb30f4ce44983d249645684a48c435e1cd4f8b5cded8a816d3c/tomli-2.4.0-cp314-cp314-manylinux2014_aarch64.manylinux_2_17_aarch64.manylinux_2_28_aarch64.whl", hash = "sha256:39b0b5d1b6dd03684b3fb276407ebed7090bbec989fa55838c98560c01113b66", size = 243375, upload-time = "2026-01-11T11:22:19.154Z" },
    { url = "https://mirrors.tuna.tsinghua.edu.cn/pypi/web/packages/31/f0/bea80c17971c8d16d3cc109dc3585b0f2ce1036b5f4a8a183789023574f2/tomli-2.4.0-cp314-cp314-manylinux2014_x86_64.manylinux_2_17_x86_64.manylinux_2_28_x86_64.whl", hash = "sha256:a26d7ff68dfdb9f87a016ecfd1e1c2bacbe3108f4e0f8bcd2228ef9a766c787d", size = 250639, upload-time = "2026-01-11T11:22:20.168Z" },
    { url = "https://mirrors.tuna.tsinghua.edu.cn/pypi/web/packages/2c/8f/2853c36abbb7608e3f945d8a74e32ed3a74ee3a1f468f1ffc7d1cb3abba6/tomli-2.4.0-cp314-cp314-musllinux_1_2_aarch64.whl", hash = "sha256:20ffd184fb1df76a66e34bd1b36b4a4641bd2b82954befa32fe8163e79f1a702", size = 246897, upload-time = "2026-01-11T11:22:21.544Z" },
    { url = "https://mirrors.tuna.tsinghua.edu.cn/pypi/web/packages/49/f0/6c05e3196ed5337b9fe7ea003e95fd3819a840b7a0f2bf5a408ef1dad8ed/tomli-2.4.0-cp314-cp314-musllinux_1_2_x86_64.whl", hash = "sha256:75c2f8bbddf170e8effc98f5e9084a8751f8174ea6ccf4fca5398436e0320bc8", size = 254697, upload-time = "2026-01-11T11:22:23.058Z" },
    { url = "https://mirrors.tuna.tsinghua.edu.cn/pypi/web/packages/f3/f5/2922ef29c9f2951883525def7429967fc4d8208494e5ab524234f06b688b/tomli-2.4.0-cp314-cp314-win32.whl", hash = "sha256:31d556d079d72db7c584c0627ff3a24c5d3fb4f730221d3444f3efb1b2514776", size = 98567, upload-time = "2026-01-11T11:22:24.033Z" },
    { url = "https://mirrors.tuna.tsinghua.edu.cn/pypi/web/packages/7b/31/22b52e2e06dd2a5fdbc3ee73226d763b184ff21fc24e20316a44ccc4d96b/tomli-2.4.0-cp314-cp314-win_amd64.whl", hash = "sha256:43e685b9b2341681907759cf3a04e14d7104b3580f808cfde1dfdb60ada85475", size = 108556, upload-time = "2026-01-11T11:22:25.378Z" },
    { url = "https://mirrors.tuna.tsinghua.edu.cn/pypi/web/packages/48/3d/5058dff3255a3d01b705413f64f4306a141a8fd7a251e5a495e3f192a998/tomli-2.4.0-cp314-cp314-win_arm64.whl", hash = "sha256:3d895d56bd3f82ddd6faaff993c275efc2ff38e52322ea264122d72729dca2b2", size = 96014, upload-time = "2026-01-11T11:22:26.138Z" },
    { url = "https://mirrors.tuna.tsinghua.edu.cn/pypi/web/packages/b8/4e/75dab8586e268424202d3a1997ef6014919c941b50642a1682df43204c22/tomli-2.4.0-cp314-cp314t-macosx_10_15_x86_64.whl", hash = "sha256:5b5807f3999fb66776dbce568cc9a828544244a8eb84b84b9bafc080c99597b9", size = 163339, upload-time = "2026-01-11T11:22:27.143Z" },
    { url = "https://mirrors.tuna.tsinghua.edu.cn/pypi/web/packages/06/e3/b904d9ab1016829a776d97f163f183a48be6a4deb87304d1e0116a349519/tomli-2.4.0-cp314-cp314t-macosx_11_0_arm64.whl", hash = "sha256:c084ad935abe686bd9c898e62a02a19abfc9760b5a79bc29644463eaf2840cb0", size = 159490, upload-time = "2026-01-11T11:22:28.399Z" },
    { url = "https://mirrors.tuna.tsinghua.edu.cn/pypi/web/packages/e3/5a/fc3622c8b1ad823e8ea98a35e3c632ee316d48f66f80f9708ceb4f2a0322/tomli-2.4.0-cp314-cp314t-manylinux2014_aarch64.manylinux_2_17_aarch64.manylinux_2_28_aarch64.whl", hash = "sha256:0f2e3955efea4d1cfbcb87bc321e00dc08d2bcb737fd1d5e398af111d86db5df", size = 269398, upload-time = "2026-01-11T11:22:29.345Z" },
    { url = "https://mirrors.tuna.tsinghua.edu.cn/pypi/web/packages/fd/33/62bd6152c8bdd4c305ad9faca48f51d3acb2df1f8791b1477d46ff86e7f8/tomli-2.4.0-cp314-cp314t-manylinux2014_x86_64.manylinux_2_17_x86_64.manylinux_2_28_x86_64.whl", hash = "sha256:0e0fe8a0b8312acf3a88077a0802565cb09ee34107813bba1c7cd591fa6cfc8d", size = 276515, upload-time = "2026-01-11T11:22:30.327Z" },
    { url = "https://mirrors.tuna.tsinghua.edu.cn/pypi/web/packages/4b/ff/ae53619499f5235ee4211e62a8d7982ba9e439a0fb4f2f351a93d67c1dd2/tomli-2.4.0-cp314-cp314t-musllinux_1_2_aarch64.whl", hash = "sha256:413540dce94673591859c4c6f794dfeaa845e98bf35d72ed59636f869ef9f86f", size = 273806, upload-time = "2026-01-11T11:22:32.56Z" },
    { url = "https://mirrors.tuna.tsinghua.edu.cn/pypi/web/packages/47/71/cbca7787fa68d4d0a9f7072821980b39fbb1b6faeb5f5cf02f4a5559fa28/tomli-2.4.0-cp314-cp314t-musllinux_1_2_x86_64.whl", hash = "sha256:0dc56fef0e2c1c470aeac5b6ca8cc7b640bb93e92d9803ddaf9ea03e198f5b0b", size = 281340, upload-time = "2026-01-11T11:22:33.505Z" },
    { url = "https://mirrors.tuna.tsinghua.edu.cn/pypi/web/packages/f5/00/d595c120963ad42474cf6ee7771ad0d0e8a49d0f01e29576ee9195d9ecdf/tomli-2.4.0-cp314-cp314t-win32.whl", hash = "sha256:d878f2a6707cc9d53a1be1414bbb419e629c3d6e67f69230217bb663e76b5087", size = 108106, upload-time = "2026-01-11T11:22:34.451Z" },
    { url = "https://mirrors.tuna.tsinghua.edu.cn/pypi/web/packages/de/69/9aa0c6a505c2f80e519b43764f8b4ba93b5a0bbd2d9a9de6e2b24271b9a5/tomli-2.4.0-cp314-cp314t-win_amd64.whl", hash = "sha256:2add28aacc7425117ff6364fe9e06a183bb0251b03f986df0e78e974047571fd", size = 120504, upload-time = "2026-01-11T11:22:35.764Z" },
    { url = "https://mirrors.tuna.tsinghua.edu.cn/pypi/web/packages/b3/9f/f1668c281c58cfae01482f7114a4b88d345e4c140386241a1a24dcc9e7bc/tomli-2.4.0-cp314-cp314t-win_arm64.whl", hash = "sha256:2b1e3b80e1d5e52e40e9b924ec43d81570f0e7d09d11081b797bc4692765a3d4", size = 99561, upload-time = "2026-01-11T11:22:36.624Z" },
    { url = "https://mirrors.tuna.tsinghua.edu.cn/pypi/web/packages/23/d1/136eb2cb77520a31e1f64cbae9d33ec6df0d78bdf4160398e86eec8a8754/tomli-2.4.0-py3-none-any.whl", hash = "sha256:1f776e7d669ebceb01dee46484485f43a4048746235e683bcdffacdf1fb4785a", size = 14477, upload-time = "2026-01-11T11:22:37.446Z" },
]

[[package]]
name = "ty"
version = "0.0.70"
source = { registry = "https://mirrors.tuna.tsinghua.edu.cn/pypi/web/simple" }
sdist = { url = "https://mirrors.tuna.tsinghua.edu.cn/pypi/web/packages/58/ed/38a8ab52f1d7c3ed701442a31b23ba774cbc5d6909f2c00da9e1f3c590f9/ty-0.0.70.tar.gz", hash = "sha256:a01bebc128b4081c16002965d906fccb21323d69bb709b9108c1f2406bcffced", size = 6601156, upload-time = "2026-08-10T23:20:26.268Z" }
wheels = [
    { url = "https://mirrors.tuna.tsinghua.edu.cn/pypi/web/packages/3d/c5/ddd6cc5657fd3da85591b264f4dabb1ce5e5b535e73fd5174991c294978b/ty-0.0.70-py3-none-linux_armv6l.whl", hash = "sha256:4fb2d2e55e2160c07152361be2e1a26fdd4f6261055731317d5972daf1749935", size = 12537215, upload-time = "2026-08-10T23:19:43.512Z" },
    { url = "https://mirrors.tuna.tsinghua.edu.cn/pypi/web/packages/8b/8a/acc9b34331cde81e0d63cda92d4db9e4042def5b1efa7d47431ff1d30d17/ty-0.0.70-py3-none-macosx_10_12_x86_64.whl", hash = "sha256:9b04d4c21cb029501c05598ca21e9c0829c0b2e35a7ceba1e5b78014c1e8104d", size = 12149070, upload-time = "2026-08-10T23:19:46.369Z" },
    { url = "https://mirrors.tuna.tsinghua.edu.cn/pypi/web/packages/fd/cd/51ac2708f4d077058a0bfeefa40d630883c5ec7a82fd2c15c86519140235/ty-0.0.70-py3-none-macosx_11_0_arm64.whl", hash = "sha256:c605ebf2643f5e64ec4bcb269640a1aa85966d29fa888fb746039c28570369b2", size = 11625729, upload-time = "2026-08-10T23:19:48.535Z" },
    { url = "https://mirrors.tuna.tsinghua.edu.cn/pypi/web/packages/b7/99/afc4fe7e630100dc782ff0cdc8c59c01acfb05299551ff0ef49c93814320/ty-0.0.70-py3-none-manylinux_2_17_aarch64.manylinux2014_aarch64.whl", hash = "sha256:0c38ea76e12909c29e18fcd295ff223b63f3701c1d1c34db2cdc9736340b9de2", size = 12204810, upload-time = "2026-08-10T23:19:51.845Z" },
    { url = "https://mirrors.tuna.tsinghua.edu.cn/pypi/web/packages/ca/38/8cabc3c8ad4c3a02e585ecff12a71ff8e5881f8a00ee71745fd765201da5/ty-0.0.70-py3-none-manylinux_2_17_armv7l.manylinux2014_armv7l.whl", hash = "sha256:c1ee6bf4edaabf7bd0307f0c0f9ddc2204df0390820fe89f6a9de65f07722aba", size = 12308114, upload-time = "2026-08-10T23:19:54.229Z" },
    { url = "https://mirrors.tuna.tsinghua.edu.cn/pypi/web/packages/44/7e/bb4e552ecd68bb490bae9368ef323e3d0c79ef85a811857139a2d0f59ddb/ty-0.0.70-py3-none-manylinux_2_17_i686.manylinux2014_i686.whl", hash = "sha256:5eef3e11d7d6b800ef66da0cce8ea24f8be804d1ebf359683426cfe848729bf8", size = 13072240, upload-time = "2026-08-10T23:19:56.872Z" },
    { url = "https://mirrors.tuna.tsinghua.edu.cn/pypi/web/packages/f6/c4/1861e1d554e5b6e0d11b3a9f36d40c372253f44a3c4e56ad4bf840f2801e/ty-0.0.70-py3-none-manylinux_2_17_ppc64le.manylinux2014_ppc64le.whl", hash = "sha256:a95e4ae7c2599197c9d89652e49ca344ab224f7d12376e6ad8beb0587e8ff83f", size = 13497678, upload-time = "2026-08-10T23:19:59.191Z" },
    { url = "https://mirrors.tuna.tsinghua.edu.cn/pypi/web/packages/77/22/3b22442133e8f641485e59e463a070a31184db0d6456851f871db8f59763/ty-0.0.70-py3-none-manylinux_2_17_s390x.manylinux2014_s390x.whl", hash = "sha256:06aca758d1e0016c0a1f57fe9d8de7a21ff83f692306f747a0d97f32de24e27f", size = 13232510, upload-time = "2026-08-10T23:20:01.456Z" },
    { url = "https://mirrors.tuna.tsinghua.edu.cn/pypi/web/packages/84/b8/911f1e6885b5485b6e1d29aaab19ce5e6deeb3e931b6ad82296da4f22051/ty-0.0.70-py3-none-manylinux_2_17_x86_64.manylinux2014_x86_64.whl", hash = "sha256:d81825524f1b57ecbcb5fce7d61fb159cb4837a6167a4569309c9fa7fc15a77d", size = 12817128, upload-time = "2026-08-10T23:20:04.275Z" },
    { url = "https://mirrors.tuna.tsinghua.edu.cn/pypi/web/packages/e6/a6/9affc3ca11c32d75b348a66144ab83335fa7fa7100b1581356725e15a668/ty-0.0.70-py3-none-manylinux_2_31_riscv64.whl", hash = "sha256:3287dfb09f7320ef28f114f5f9aae5f697b7b1a6ee37fb2a4a3be94481c1b4f8", size = 13089208, upload-time = "2026-08-10T23:20:06.574Z" },
    { url = "https://mirrors.tuna.tsinghua.edu.cn/pypi/web/packages/f0/cb/4776108ea08ec4013b71375b101be9c8a632967cd10f24abbdd4664d66f4/ty-0.0.70-py3-none-musllinux_1_2_aarch64.whl", hash = "sha256:9fb1877f6401cdaac4db46c5bf762f327482ba5f891420ea462ebd15d0de4185", size = 12148890, upload-time = "2026-08-10T23:20:08.827Z" },
    { url = "https://mirrors.tuna.tsinghua.edu.cn/pypi/web/packages/c9/d9/814e71f698d9231ef6412bd2c1499d81c6f86f66c2764e952c991e2d6da5/ty-0.0.70-py3-none-musllinux_1_2_armv7l.whl", hash = "sha256:e78f4997dbb0db2d2270210eb3694466206e5b3a11985e24148770e702158a25", size = 12327084, upload-time = "2026-08-10T23:20:11.023Z" },
    { url = "https://mirrors.tuna.tsinghua.edu.cn/pypi/web/packages/3b/69/9f34bba534c5d1ace391d300ead4f1971f4348c5459e66dc466cfd60661c/ty-0.0.70-py3-none-musllinux_1_2_i686.whl", hash = "sha256:cf758d3b2dad910c9b1d22d2d62fea894b5bc9acd3c00365e8a73ace6090a452", size = 12604372, upload-time = "2026-08-10T23:20:13.366Z" },
    { url = "https://mirrors.tuna.tsinghua.edu.cn/pypi/web/packages/fe/ff/abb34674517b29a8e2489a39c4e01930fcf6aab993a7d6b33aa97f119117/ty-0.0.70-py3-none-musllinux_1_2_x86_64.whl", hash = "sha256:0d338761617279a4fb6a83e7fad7e21126394637b8c45e13e196b2bb675f39b2", size = 12917800, upload-time = "2026-08-10T23:20:15.841Z" },
    { url = "https://mirrors.tuna.tsinghua.edu.cn/pypi/web/packages/a4/1a/f8289572f4fad5cb16c883b94638548166bc78cf3eb569f0cd9199eb10a0/ty-0.0.70-py3-none-win32.whl", hash = "sha256:a45642cf09dde91f0a3ce9b9e6fffda9779ff69d73f7347c18acf4fb45007c07", size = 11921482, upload-time = "2026-08-10T23:20:18.244Z" },
    { url = "https://mirrors.tuna.tsinghua.edu.cn/pypi/web/packages/17/ae/8739d7618b4670c3ee4f52d641d53be87928bd121d8bda9c0e3450500b75/ty-0.0.70-py3-none-win_amd64.whl", hash = "sha256:33e7941a926cf39b82553911a59a6ed68ec98c3d3d5a415df633f4d1cd051e6c", size = 12986994, upload-time = "2026-08-10T23:20:20.53Z" },
    { url = "https://mirrors.tuna.tsinghua.edu.cn/pypi/web/packages/f1/44/2bc3301ba4356ad8866daac9f8cfb3687953e52d076ea204f113b9304c42/ty-0.0.70-py3-none-win_arm64.whl", hash = "sha256:0d380f735d52b1d4b773193f8f5c58c065725eab1ebb0008d38a7b830de14f47", size = 12301082, upload-time = "2026-08-10T23:20:23.816Z" },
]

[[package]]
name = "typing-extensions"
version = "4.15.0"
source = { registry = "https://mirrors.tuna.tsinghua.edu.cn/pypi/web/simple" }
sdist = { url = "https://mirrors.tuna.tsinghua.edu.cn/pypi/web/packages/72/94/1a15dd82efb362ac84269196e94cf00f187f7ed21c242792a923cdb1c61f/typing_extensions-4.15.0.tar.gz", hash = "sha256:0cea48d173cc12fa28ecabc3b837ea3cf6f38c6d1136f85cbaaf598984861466", size = 109391, upload-time = "2025-08-25T13:49:26.313Z" }
wheels = [
    { url = "https://mirrors.tuna.tsinghua.edu.cn/pypi/web/packages/18/67/36e9267722cc04a6b9f15c7f3441c2363321a3ea07da7ae0c0707beb2a9c/typing_extensions-4.15.0-py3-none-any.whl", hash = "sha256:f0fa19c6845758ab08074a0cfa8b7aecb71c999ca73d62883bc25cc018c4e548", size = 44614, upload-time = "2025-08-25T13:49:24.86Z" },
]
